
Microsoft Visual Studio Solution File, Format Version 12.00
# Visual Studio Version 16
VisualStudioVersion = 16.0.29418.71
MinimumVisualStudioVersion = 10.0.40219.1
Project("{FAE04EC0-301F-11D3-BF4B-00C04F79EFBC}") = "NumberOfVowels", "NumberOfVowels\NumberOfVowels.csproj", "{440C232A-FB02-4949-A71C-687D9541C913}"
EndProject
Global
	GlobalSection(SolutionConfigurationPlatforms) = preSolution
		Debug|Any CPU = Debug|Any CPU
		Release|Any CPU = Release|Any CPU
	EndGlobalSection
	GlobalSection(ProjectConfigurationPlatforms) = postSolution
		{440C232A-FB02-4949-A71C-687D9541C913}.Debug|Any CPU.ActiveCfg = Debug|Any CPU
		{440C232A-FB02-4949-A71C-687D9541C913}.Debug|Any CPU.Build.0 = Debug|Any CPU
		{440C232A-FB02-4949-A71C-687D9541C913}.Release|Any CPU.ActiveCfg = Release|Any CPU
		{440C232A-FB02-4949-A71C-687D9541C913}.Release|Any CPU.Build.0 = Release|Any CPU
	EndGlobalSection
	GlobalSection(SolutionProperties) = preSolution
		HideSolutionNode = FALSE
	EndGlobalSection
	GlobalSection(ExtensibilityGlobals) = postSolution
		SolutionGuid = {EA29967C-E97E-475F-9BB8-7D3F5E6AE5E9}
	EndGlobalSection
EndGlobal
